
Microsoft Visual Studio Solution File, Format Version 12.00
# Visual Studio Version 17
VisualStudioVersion = 17.3.32929.385
MinimumVisualStudioVersion = 10.0.40219.1
Project("{FAE04EC0-301F-11D3-BF4B-00C04F79EFBC}") = "CleanArchitecture.Infrastructure", "CleanArchitecture.Infrastructure\CleanArchitecture.Infrastructure.csproj", "{E5C46BA0-CC66-4A0B-AB29-E695B16078A0}"
EndProject
Project("{FAE04EC0-301F-11D3-BF4B-00C04F79EFBC}") = "CleanArchitecture.Application", "CleanArchitecture.Application\CleanArchitecture.Application.csproj", "{E8BEC10B-D4A6-4275-9619-78B84EA58CF4}"
EndProject
Project("{FAE04EC0-301F-11D3-BF4B-00C04F79EFBC}") = "CleanArchitecture.Domain", "CleanArchitecture.Domain\CleanArchitecture.Domain.csproj", "{A2BFC48F-0C52-4D3B-84C3-E108FD70A60F}"
EndProject
Project("{FAE04EC0-301F-11D3-BF4B-00C04F79EFBC}") = "CleanArchitecture.Contracts", "CleanArchitecture.Contracts\CleanArchitecture.Contracts.csproj", "{BB059A0A-F4B8-41F8-A786-778DD421D277}"
EndProject
Project("{FAE04EC0-301F-11D3-BF4B-00C04F79EFBC}") = "CleanArchitecture.Api", "CleanArchitecture.Api\CleanArchitecture.Api.csproj", "{7E4B72C7-6553-4A0F-A1C9-2567D1A5F9FF}"
EndProject
Global
	GlobalSection(SolutionConfigurationPlatforms) = preSolution
		Debug|Any CPU = Debug|Any CPU
		Release|Any CPU = Release|Any CPU
	EndGlobalSection
	GlobalSection(ProjectConfigurationPlatforms) = postSolution
		{E5C46BA0-CC66-4A0B-AB29-E695B16078A0}.Debug|Any CPU.ActiveCfg = Debug|Any CPU
		{E5C46BA0-CC66-4A0B-AB29-E695B16078A0}.Debug|Any CPU.Build.0 = Debug|Any CPU
		{E5C46BA0-CC66-4A0B-AB29-E695B16078A0}.Release|Any CPU.ActiveCfg = Release|Any CPU
		{E5C46BA0-CC66-4A0B-AB29-E695B16078A0}.Release|Any CPU.Build.0 = Release|Any CPU
		{E8BEC10B-D4A6-4275-9619-78B84EA58CF4}.Debug|Any CPU.ActiveCfg = Debug|Any CPU
		{E8BEC10B-D4A6-4275-9619-78B84EA58CF4}.Debug|Any CPU.Build.0 = Debug|Any CPU
		{E8BEC10B-D4A6-4275-9619-78B84EA58CF4}.Release|Any CPU.ActiveCfg = Release|Any CPU
		{E8BEC10B-D4A6-4275-9619-78B84EA58CF4}.Release|Any CPU.Build.0 = Release|Any CPU
		{A2BFC48F-0C52-4D3B-84C3-E108FD70A60F}.Debug|Any CPU.ActiveCfg = Debug|Any CPU
		{A2BFC48F-0C52-4D3B-84C3-E108FD70A60F}.Debug|Any CPU.Build.0 = Debug|Any CPU
		{A2BFC48F-0C52-4D3B-84C3-E108FD70A60F}.Release|Any CPU.ActiveCfg = Release|Any CPU
		{A2BFC48F-0C52-4D3B-84C3-E108FD70A60F}.Release|Any CPU.Build.0 = Release|Any CPU
		{BB059A0A-F4B8-41F8-A786-778DD421D277}.Debug|Any CPU.ActiveCfg = Debug|Any CPU
		{BB059A0A-F4B8-41F8-A786-778DD421D277}.Debug|Any CPU.Build.0 = Debug|Any CPU
		{BB059A0A-F4B8-41F8-A786-778DD421D277}.Release|Any CPU.ActiveCfg = Release|Any CPU
		{BB059A0A-F4B8-41F8-A786-778DD421D277}.Release|Any CPU.Build.0 = Release|Any CPU
		{7E4B72C7-6553-4A0F-A1C9-2567D1A5F9FF}.Debug|Any CPU.ActiveCfg = Debug|Any CPU
		{7E4B72C7-6553-4A0F-A1C9-2567D1A5F9FF}.Debug|Any CPU.Build.0 = Debug|Any CPU
		{7E4B72C7-6553-4A0F-A1C9-2567D1A5F9FF}.Release|Any CPU.ActiveCfg = Release|Any CPU
		{7E4B72C7-6553-4A0F-A1C9-2567D1A5F9FF}.Release|Any CPU.Build.0 = Release|Any CPU
	EndGlobalSection
	GlobalSection(SolutionProperties) = preSolution
		HideSolutionNode = FALSE
	EndGlobalSection
	GlobalSection(ExtensibilityGlobals) = postSolution
		SolutionGuid = {98EC5DD7-B23C-45E0-A30B-51D66DDB9C7E}
	EndGlobalSection
EndGlobal
